{
    "_meta": {
        "hash": {
            "sha256": "4a6df336ff677b660edef2da24db32246055d892287fe61d11d7e088447da31a"
        },
        "pipfile-spec": 6,
        "requires": {
            "python_version": "*"
        },
        "sources": [
            {
                "name": "pypi",
                "url": "https://pypi.org/simple",
                "verify_ssl": true
            }
        ]
    },
    "default": {
        "flask": {
            "extras": [
                "async"
            ],
            "version": "*"
        },
        "flask-cors": "*",
        "functions-framework": "*",
        "google-api-python-client": "*",
        "google-cloud-functions": "*",
        "google-cloud-storage": "*",
        "google-oauth": "*",
        "gunicorn": {
            "extras": [
                "full"
            ],
            "version": "*"
        },
        "waitress": "*"
    },
    "develop": {
        "functions-framework": "*"
    }
}
